
Microsoft Visual Studio Solution File, Format Version 12.00
# Visual Studio 15
VisualStudioVersion = 15.0.28010.0
MinimumVisualStudioVersion = 10.0.40219.1
Project("{FAE04EC0-301F-11D3-BF4B-00C04F79EFBC}") = "Sunat.Cdr", "Sunat.Cdr\Sunat.Cdr.csproj", "{547505DE-F30A-4801-9C05-09996A38D5DE}"
EndProject
Global
	GlobalSection(SolutionConfigurationPlatforms) = preSolution
		Debug|Any CPU = Debug|Any CPU
		Release|Any CPU = Release|Any CPU
	EndGlobalSection
	GlobalSection(ProjectConfigurationPlatforms) = postSolution
		{547505DE-F30A-4801-9C05-09996A38D5DE}.Debug|Any CPU.ActiveCfg = Debug|Any CPU
		{547505DE-F30A-4801-9C05-09996A38D5DE}.Debug|Any CPU.Build.0 = Debug|Any CPU
		{547505DE-F30A-4801-9C05-09996A38D5DE}.Release|Any CPU.ActiveCfg = Release|Any CPU
		{547505DE-F30A-4801-9C05-09996A38D5DE}.Release|Any CPU.Build.0 = Release|Any CPU
	EndGlobalSection
	GlobalSection(SolutionProperties) = preSolution
		HideSolutionNode = FALSE
	EndGlobalSection
	GlobalSection(ExtensibilityGlobals) = postSolution
		SolutionGuid = {C7B617D8-DC7D-4A87-96C1-B2890BC77C38}
	EndGlobalSection
EndGlobal
